// !$*UTF8*$!
{
	archiveVersion = 1;
	classes = {
	};
	objectVersion = 50;
	objects = {

/* Begin PBXBuildFile section */
		6E27ED2726EE813500CB89E3 /* AppDelegate.swift in Sources */ = {isa = PBXBuildFile; fileRef = 6E27ED2626EE813500CB89E3 /* AppDelegate.swift */; };
		6E27ED2926EE813500CB89E3 /* SceneDelegate.swift in Sources */ = {isa = PBXBuildFile; fileRef = 6E27ED2826EE813500CB89E3 /* SceneDelegate.swift */; };
		6E27ED2B26EE813500CB89E3 /* ViewController.swift in Sources */ = {isa = PBXBuildFile; fileRef = 6E27ED2A26EE813500CB89E3 /* ViewController.swift */; };
		6E27ED2E26EE813500CB89E3 /* Main.storyboard in Resources */ = {isa = PBXBuildFile; fileRef = 6E27ED2C26EE813500CB89E3 /* Main.storyboard */; };
		6E27ED3126EE813500CB89E3 /* Nimble_Inventory.xcdatamodeld in Sources */ = {isa = PBXBuildFile; fileRef = 6E27ED2F26EE813500CB89E3 /* Nimble_Inventory.xcdatamodeld */; };
		6E27ED3326EE813700CB89E3 /* Assets.xcassets in Resources */ = {isa = PBXBuildFile; fileRef = 6E27ED3226EE813700CB89E3 /* Assets.xcassets */; };
		6E27ED3626EE813700CB89E3 /* LaunchScreen.storyboard in Resources */ = {isa = PBXBuildFile; fileRef = 6E27ED3426EE813700CB89E3 /* LaunchScreen.storyboard */; };
		6E27ED4126EE813700CB89E3 /* Nimble_InventoryTests.swift in Sources */ = {isa = PBXBuildFile; fileRef = 6E27ED4026EE813700CB89E3 /* Nimble_InventoryTests.swift */; };
		6E27ED4C26EE813700CB89E3 /* Nimble_InventoryUITests.swift in Sources */ = {isa = PBXBuildFile; fileRef = 6E27ED4B26EE813700CB89E3 /* Nimble_InventoryUITests.swift */; };
/* End PBXBuildFile section */

/* Begin PBXContainerItemProxy section */
		6E27ED3D26EE813700CB89E3 /* PBXContainerItemProxy */ = {
			isa = PBXContainerItemProxy;
			containerPortal = 6E27ED1B26EE813500CB89E3 /* Project object */;
			proxyType = 1;
			remoteGlobalIDString = 6E27ED2226EE813500CB89E3;
			remoteInfo = "Nimble Inventory";
		};
		6E27ED4826EE813700CB89E3 /* PBXContainerItemProxy */ = {
			isa = PBXContainerItemProxy;
			containerPortal = 6E27ED1B26EE813500CB89E3 /* Project object */;
			proxyType = 1;
			remoteGlobalIDString = 6E27ED2226EE813500CB89E3;
			remoteInfo = "Nimble Inventory";
		};
/* End PBXContainerItemProxy section */

/* Begin PBXFileReference section */
		6E27ED2326EE813500CB89E3 /* Nimble Inventory.app */ = {isa = PBXFileReference; explicitFileType = wrapper.application; includeInIndex = 0; path = "Nimble Inventory.app"; sourceTree = BUILT_PRODUCTS_DIR; };
		6E27ED2626EE813500CB89E3 /* AppDelegate.swift */ = {isa = PBXFileReference; lastKnownFileType = sourcecode.swift; path = AppDelegate.swift; sourceTree = "<group>"; };
		6E27ED2826EE813500CB89E3 /* SceneDelegate.swift */ = {isa = PBXFileReference; lastKnownFileType = sourcecode.swift; path = SceneDelegate.swift; sourceTree = "<group>"; };
		6E27ED2A26EE813500CB89E3 /* ViewController.swift */ = {isa = PBXFileReference; lastKnownFileType = sourcecode.swift; path = ViewController.swift; sourceTree = "<group>"; };
		6E27ED2D26EE813500CB89E3 /* Base */ = {isa = PBXFileReference; lastKnownFileType = file.storyboard; name = Base; path = Base.lproj/Main.storyboard; sourceTree = "<group>"; };
		6E27ED3026EE813500CB89E3 /* Nimble_Inventory.xcdatamodel */ = {isa = PBXFileReference; lastKnownFileType = wrapper.xcdatamodel; path = Nimble_Inventory.xcdatamodel; sourceTree = "<group>"; };
		6E27ED3226EE813700CB89E3 /* Assets.xcassets */ = {isa = PBXFileReference; lastKnownFileType = folder.assetcatalog; path = Assets.xcassets; sourceTree = "<group>"; };
		6E27ED3526EE813700CB89E3 /* Base */ = {isa = PBXFileReference; lastKnownFileType = file.storyboard; name = Base; path = Base.lproj/LaunchScreen.storyboard; sourceTree = "<group>"; };
		6E27ED3726EE813700CB89E3 /* Info.plist */ = {isa = PBXFileReference; lastKnownFileType = text.plist.xml; path = Info.plist; sourceTree = "<group>"; };
		6E27ED3C26EE813700CB89E3 /* Nimble InventoryTests.xctest */ = {isa = PBXFileReference; explicitFileType = wrapper.cfbundle; includeInIndex = 0; path = "Nimble InventoryTests.xctest"; sourceTree = BUILT_PRODUCTS_DIR; };
		6E27ED4026EE813700CB89E3 /* Nimble_InventoryTests.swift */ = {isa = PBXFileReference; lastKnownFileType = sourcecode.swift; path = Nimble_InventoryTests.swift; sourceTree = "<group>"; };
		6E27ED4226EE813700CB89E3 /* Info.plist */ = {isa = PBXFileReference; lastKnownFileType = text.plist.xml; path = Info.plist; sourceTree = "<group>"; };
		6E27ED4726EE813700CB89E3 /* Nimble InventoryUITests.xctest */ = {isa = PBXFileReference; explicitFileType = wrapper.cfbundle; includeInIndex = 0; path = "Nimble InventoryUITests.xctest"; sourceTree = BUILT_PRODUCTS_DIR; };
		6E27ED4B26EE813700CB89E3 /* Nimble_InventoryUITests.swift */ = {isa = PBXFileReference; lastKnownFileType = sourcecode.swift; path = Nimble_InventoryUITests.swift; sourceTree = "<group>"; };
		6E27ED4D26EE813700CB89E3 /* Info.plist */ = {isa = PBXFileReference; lastKnownFileType = text.plist.xml; path = Info.plist; sourceTree = "<group>"; };
/* End PBXFileReference section */

/* Begin PBXFrameworksBuildPhase section */
		6E27ED2026EE813500CB89E3 /* Frameworks */ = {
			isa = PBXFrameworksBuildPhase;
			buildActionMask = 2147483647;
			files = (
			);
			runOnlyForDeploymentPostprocessing = 0;
		};
		6E27ED3926EE813700CB89E3 /* Frameworks */ = {
			isa = PBXFrameworksBuildPhase;
			buildActionMask = 2147483647;
			files = (
			);
			runOnlyForDeploymentPostprocessing = 0;
		};
		6E27ED4426EE813700CB89E3 /* Frameworks */ = {
			isa = PBXFrameworksBuildPhase;
			buildActionMask = 2147483647;
			files = (
			);
			runOnlyForDeploymentPostprocessing = 0;
		};
/* End PBXFrameworksBuildPhase section */

/* Begin PBXGroup section */
		6E27ED1A26EE813500CB89E3 = {
			isa = PBXGroup;
			children = (
				6E27ED2526EE813500CB89E3 /* Nimble Inventory */,
				6E27ED3F26EE813700CB89E3 /* Nimble InventoryTests */,
				6E27ED4A26EE813700CB89E3 /* Nimble InventoryUITests */,
				6E27ED2426EE813500CB89E3 /* Products */,
			);
			sourceTree = "<group>";
		};
		6E27ED2426EE813500CB89E3 /* Products */ = {
			isa = PBXGroup;
			children = (
				6E27ED2326EE813500CB89E3 /* Nimble Inventory.app */,
				6E27ED3C26EE813700CB89E3 /* Nimble InventoryTests.xctest */,
				6E27ED4726EE813700CB89E3 /* Nimble InventoryUITests.xctest */,
			);
			name = Products;
			sourceTree = "<group>";
		};
		6E27ED2526EE813500CB89E3 /* Nimble Inventory */ = {
			isa = PBXGroup;
			children = (
				6E27ED2626EE813500CB89E3 /* AppDelegate.swift */,
				6E27ED2826EE813500CB89E3 /* SceneDelegate.swift */,
				6E27ED2A26EE813500CB89E3 /* ViewController.swift */,
				6E27ED2C26EE813500CB89E3 /* Main.storyboard */,
				6E27ED3226EE813700CB89E3 /* Assets.xcassets */,
				6E27ED3426EE813700CB89E3 /* LaunchScreen.storyboard */,
				6E27ED3726EE813700CB89E3 /* Info.plist */,
				6E27ED2F26EE813500CB89E3 /* Nimble_Inventory.xcdatamodeld */,
			);
			path = "Nimble Inventory";
			sourceTree = "<group>";
		};
		6E27ED3F26EE813700CB89E3 /* Nimble InventoryTests */ = {
			isa = PBXGroup;
			children = (
				6E27ED4026EE813700CB89E3 /* Nimble_InventoryTests.swift */,
				6E27ED4226EE813700CB89E3 /* Info.plist */,
			);
			path = "Nimble InventoryTests";
			sourceTree = "<group>";
		};
		6E27ED4A26EE813700CB89E3 /* Nimble InventoryUITests */ = {
			isa = PBXGroup;
			children = (
				6E27ED4B26EE813700CB89E3 /* Nimble_InventoryUITests.swift */,
				6E27ED4D26EE813700CB89E3 /* Info.plist */,
			);
			path = "Nimble InventoryUITests";
			sourceTree = "<group>";
		};
/* End PBXGroup section */

/* Begin PBXNativeTarget section */
		6E27ED2226EE813500CB89E3 /* Nimble Inventory */ = {
			isa = PBXNativeTarget;
			buildConfigurationList = 6E27ED5026EE813700CB89E3 /* Build configuration list for PBXNativeTarget "Nimble Inventory" */;
			buildPhases = (
				6E27ED1F26EE813500CB89E3 /* Sources */,
				6E27ED2026EE813500CB89E3 /* Frameworks */,
				6E27ED2126EE813500CB89E3 /* Resources */,
			);
			buildRules = (
			);
			dependencies = (
			);
			name = "Nimble Inventory";
			productName = "Nimble Inventory";
			productReference = 6E27ED2326EE813500CB89E3 /* Nimble Inventory.app */;
			productType = "com.apple.product-type.application";
		};
		6E27ED3B26EE813700CB89E3 /* Nimble InventoryTests */ = {
			isa = PBXNativeTarget;
			buildConfigurationList = 6E27ED5326EE813700CB89E3 /* Build configuration list for PBXNativeTarget "Nimble InventoryTests" */;
			buildPhases = (
				6E27ED3826EE813700CB89E3 /* Sources */,
				6E27ED3926EE813700CB89E3 /* Frameworks */,
				6E27ED3A26EE813700CB89E3 /* Resources */,
			);
			buildRules = (
			);
			dependencies = (
				6E27ED3E26EE813700CB89E3 /* PBXTargetDependency */,
			);
			name = "Nimble InventoryTests";
			productName = "Nimble InventoryTests";
			productReference = 6E27ED3C26EE813700CB89E3 /* Nimble InventoryTests.xctest */;
			productType = "com.apple.product-type.bundle.unit-test";
		};
		6E27ED4626EE813700CB89E3 /* Nimble InventoryUITests */ = {
			isa = PBXNativeTarget;
			buildConfigurationList = 6E27ED5626EE813700CB89E3 /* Build configuration list for PBXNativeTarget "Nimble InventoryUITests" */;
			buildPhases = (
				6E27ED4326EE813700CB89E3 /* Sources */,
				6E27ED4426EE813700CB89E3 /* Frameworks */,
				6E27ED4526EE813700CB89E3 /* Resources */,
			);
			buildRules = (
			);
			dependencies = (
				6E27ED4926EE813700CB89E3 /* PBXTargetDependency */,
			);
			name = "Nimble InventoryUITests";
			productName = "Nimble InventoryUITests";
			productReference = 6E27ED4726EE813700CB89E3 /* Nimble InventoryUITests.xctest */;
			productType = "com.apple.product-type.bundle.ui-testing";
		};
/* End PBXNativeTarget section */

/* Begin PBXProject section */
		6E27ED1B26EE813500CB89E3 /* Project object */ = {
			isa = PBXProject;
			attributes = {
				LastSwiftUpdateCheck = 1250;
				LastUpgradeCheck = 1250;
				TargetAttributes = {
					6E27ED2226EE813500CB89E3 = {
						CreatedOnToolsVersion = 12.5.1;
					};
					6E27ED3B26EE813700CB89E3 = {
						CreatedOnToolsVersion = 12.5.1;
						TestTargetID = 6E27ED2226EE813500CB89E3;
					};
					6E27ED4626EE813700CB89E3 = {
						CreatedOnToolsVersion = 12.5.1;
						TestTargetID = 6E27ED2226EE813500CB89E3;
					};
				};
			};
			buildConfigurationList = 6E27ED1E26EE813500CB89E3 /* Build configuration list for PBXProject "Nimble Inventory" */;
			compatibilityVersion = "Xcode 9.3";
			developmentRegion = en;
			hasScannedForEncodings = 0;
			knownRegions = (
				en,
				Base,
			);
			mainGroup = 6E27ED1A26EE813500CB89E3;
			productRefGroup = 6E27ED2426EE813500CB89E3 /* Products */;
			projectDirPath = "";
			projectRoot = "";
			targets = (
				6E27ED2226EE813500CB89E3 /* Nimble Inventory */,
				6E27ED3B26EE813700CB89E3 /* Nimble InventoryTests */,
				6E27ED4626EE813700CB89E3 /* Nimble InventoryUITests */,
			);
		};
/* End PBXProject section */

/* Begin PBXResourcesBuildPhase section */
		6E27ED2126EE813500CB89E3 /* Resources */ = {
			isa = PBXResourcesBuildPhase;
			buildActionMask = 2147483647;
			files = (
				6E27ED3626EE813700CB89E3 /* LaunchScreen.storyboard in Resources */,
				6E27ED3326EE813700CB89E3 /* Assets.xcassets in Resources */,
				6E27ED2E26EE813500CB89E3 /* Main.storyboard in Resources */,
			);
			runOnlyForDeploymentPostprocessing = 0;
		};
		6E27ED3A26EE813700CB89E3 /* Resources */ = {
			isa = PBXResourcesBuildPhase;
			buildActionMask = 2147483647;
			files = (
			);
			runOnlyForDeploymentPostprocessing = 0;
		};
		6E27ED4526EE813700CB89E3 /* Resources */ = {
			isa = PBXResourcesBuildPhase;
			buildActionMask = 2147483647;
			files = (
			);
			runOnlyForDeploymentPostprocessing = 0;
		};
/* End PBXResourcesBuildPhase section */

/* Begin PBXSourcesBuildPhase section */
		6E27ED1F26EE813500CB89E3 /* Sources */ = {
			isa = PBXSourcesBuildPhase;
			buildActionMask = 2147483647;
			files = (
				6E27ED2B26EE813500CB89E3 /* ViewController.swift in Sources */,
				6E27ED3126EE813500CB89E3 /* Nimble_Inventory.xcdatamodeld in Sources */,
				6E27ED2726EE813500CB89E3 /* AppDelegate.swift in Sources */,
				6E27ED2926EE813500CB89E3 /* SceneDelegate.swift in Sources */,
			);
			runOnlyForDeploymentPostprocessing = 0;
		};
		6E27ED3826EE813700CB89E3 /* Sources */ = {
			isa = PBXSourcesBuildPhase;
			buildActionMask = 2147483647;
			files = (
				6E27ED4126EE813700CB89E3 /* Nimble_InventoryTests.swift in Sources */,
			);
			runOnlyForDeploymentPostprocessing = 0;
		};
		6E27ED4326EE813700CB89E3 /* Sources */ = {
			isa = PBXSourcesBuildPhase;
			buildActionMask = 2147483647;
			files = (
				6E27ED4C26EE813700CB89E3 /* Nimble_InventoryUITests.swift in Sources */,
			);
			runOnlyForDeploymentPostprocessing = 0;
		};
/* End PBXSourcesBuildPhase section */

/* Begin PBXTargetDependency section */
		6E27ED3E26EE813700CB89E3 /* PBXTargetDependency */ = {
			isa = PBXTargetDependency;
			target = 6E27ED2226EE813500CB89E3 /* Nimble Inventory */;
			targetProxy = 6E27ED3D26EE813700CB89E3 /* PBXContainerItemProxy */;
		};
		6E27ED4926EE813700CB89E3 /* PBXTargetDependency */ = {
			isa = PBXTargetDependency;
			target = 6E27ED2226EE813500CB89E3 /* Nimble Inventory */;
			targetProxy = 6E27ED4826EE813700CB89E3 /* PBXContainerItemProxy */;
		};
/* End PBXTargetDependency section */

/* Begin PBXVariantGroup section */
		6E27ED2C26EE813500CB89E3 /* Main.storyboard */ = {
			isa = PBXVariantGroup;
			children = (
				6E27ED2D26EE813500CB89E3 /* Base */,
			);
			name = Main.storyboard;
			sourceTree = "<group>";
		};
		6E27ED3426EE813700CB89E3 /* LaunchScreen.storyboard */ = {
			isa = PBXVariantGroup;
			children = (
				6E27ED3526EE813700CB89E3 /* Base */,
			);
			name = LaunchScreen.storyboard;
			sourceTree = "<group>";
		};
/* End PBXVariantGroup section */

/* Begin XCBuildConfiguration section */
		6E27ED4E26EE813700CB89E3 /* Debug */ = {
			isa = XCBuildConfiguration;
			buildSettings = {
				ALWAYS_SEARCH_USER_PATHS = NO;
				CLANG_ANALYZER_NONNULL = YES;
				CLANG_ANALYZER_NUMBER_OBJECT_CONVERSION = YES_AGGRESSIVE;
				CLANG_CXX_LANGUAGE_STANDARD = "gnu++14";
				CLANG_CXX_LIBRARY = "libc++";
				CLANG_ENABLE_MODULES = YES;
				CLANG_ENABLE_OBJC_ARC = YES;
				CLANG_ENABLE_OBJC_WEAK = YES;
				CLANG_WARN_BLOCK_CAPTURE_AUTORELEASING = YES;
				CLANG_WARN_BOOL_CONVERSION = YES;
				CLANG_WARN_COMMA = YES;
				CLANG_WARN_CONSTANT_CONVERSION = YES;
				CLANG_WARN_DEPRECATED_OBJC_IMPLEMENTATIONS = YES;
				CLANG_WARN_DIRECT_OBJC_ISA_USAGE = YES_ERROR;
				CLANG_WARN_DOCUMENTATION_COMMENTS = YES;
				CLANG_WARN_EMPTY_BODY = YES;
				CLANG_WARN_ENUM_CONVERSION = YES;
				CLANG_WARN_INFINITE_RECURSION = YES;
				CLANG_WARN_INT_CONVERSION = YES;
				CLANG_WARN_NON_LITERAL_NULL_CONVERSION = YES;
				CLANG_WARN_OBJC_IMPLICIT_RETAIN_SELF = YES;
				CLANG_WARN_OBJC_LITERAL_CONVERSION = YES;
				CLANG_WARN_OBJC_ROOT_CLASS = YES_ERROR;
				CLANG_WARN_QUOTED_INCLUDE_IN_FRAMEWORK_HEADER = YES;
				CLANG_WARN_RANGE_LOOP_ANALYSIS = YES;
				CLANG_WARN_STRICT_PROTOTYPES = YES;
				CLANG_WARN_SUSPICIOUS_MOVE = YES;
				CLANG_WARN_UNGUARDED_AVAILABILITY = YES_AGGRESSIVE;
				CLANG_WARN_UNREACHABLE_CODE = YES;
				CLANG_WARN__DUPLICATE_METHOD_MATCH = YES;
				COPY_PHASE_STRIP = NO;
				DEBUG_INFORMATION_FORMAT = dwarf;
				ENABLE_STRICT_OBJC_MSGSEND = YES;
				ENABLE_TESTABILITY = YES;
				GCC_C_LANGUAGE_STANDARD = gnu11;
				GCC_DYNAMIC_NO_PIC = NO;
				GCC_NO_COMMON_BLOCKS = YES;
				GCC_OPTIMIZATION_LEVEL = 0;
				GCC_PREPROCESSOR_DEFINITIONS = (
					"DEBUG=1",
					"$(inherited)",
				);
				GCC_WARN_64_TO_32_BIT_CONVERSION = YES;
				GCC_WARN_ABOUT_RETURN_TYPE = YES_ERROR;
				GCC_WARN_UNDECLARED_SELECTOR = YES;
				GCC_WARN_UNINITIALIZED_AUTOS = YES_AGGRESSIVE;
				GCC_WARN_UNUSED_FUNCTION = YES;
				GCC_WARN_UNUSED_VARIABLE = YES;
				IPHONEOS_DEPLOYMENT_TARGET = 14.5;
				MTL_ENABLE_DEBUG_INFO = INCLUDE_SOURCE;
				MTL_FAST_MATH = YES;
				ONLY_ACTIVE_ARCH = YES;
				SDKROOT = iphoneos;
				SWIFT_ACTIVE_COMPILATION_CONDITIONS = DEBUG;
				SWIFT_OPTIMIZATION_LEVEL = "-Onone";
			};
			name = Debug;
		};
		6E27ED4F26EE813700CB89E3 /* Release */ = {
			isa = XCBuildConfiguration;
			buildSettings = {
				ALWAYS_SEARCH_USER_PATHS = NO;
				CLANG_ANALYZER_NONNULL = YES;
				CLANG_ANALYZER_NUMBER_OBJECT_CONVERSION = YES_AGGRESSIVE;
				CLANG_CXX_LANGUAGE_STANDARD = "gnu++14";
				CLANG_CXX_LIBRARY = "libc++";
				CLANG_ENABLE_MODULES = YES;
				CLANG_ENABLE_OBJC_ARC = YES;
				CLANG_ENABLE_OBJC_WEAK = YES;
				CLANG_WARN_BLOCK_CAPTURE_AUTORELEASING = YES;
				CLANG_WARN_BOOL_CONVERSION = YES;
				CLANG_WARN_COMMA = YES;
				CLANG_WARN_CONSTANT_CONVERSION = YES;
				CLANG_WARN_DEPRECATED_OBJC_IMPLEMENTATIONS = YES;
				CLANG_WARN_DIRECT_OBJC_ISA_USAGE = YES_ERROR;
				CLANG_WARN_DOCUMENTATION_COMMENTS = YES;
				CLANG_WARN_EMPTY_BODY = YES;
				CLANG_WARN_ENUM_CONVERSION = YES;
				CLANG_WARN_INFINITE_RECURSION = YES;
				CLANG_WARN_INT_CONVERSION = YES;
				CLANG_WARN_NON_LITERAL_NULL_CONVERSION = YES;
				CLANG_WARN_OBJC_IMPLICIT_RETAIN_SELF = YES;
				CLANG_WARN_OBJC_LITERAL_CONVERSION = YES;
				CLANG_WARN_OBJC_ROOT_CLASS = YES_ERROR;
				CLANG_WARN_QUOTED_INCLUDE_IN_FRAMEWORK_HEADER = YES;
				CLANG_WARN_RANGE_LOOP_ANALYSIS = YES;
				CLANG_WARN_STRICT_PROTOTYPES = YES;
				CLANG_WARN_SUSPICIOUS_MOVE = YES;
				CLANG_WARN_UNGUARDED_AVAILABILITY = YES_AGGRESSIVE;
				CLANG_WARN_UNREACHABLE_CODE = YES;
				CLANG_WARN__DUPLICATE_METHOD_MATCH = YES;
				COPY_PHASE_STRIP = NO;
				DEBUG_INFORMATION_FORMAT = "dwarf-with-dsym";
				ENABLE_NS_ASSERTIONS = NO;
				ENABLE_STRICT_OBJC_MSGSEND = YES;
				GCC_C_LANGUAGE_STANDARD = gnu11;
				GCC_NO_COMMON_BLOCKS = YES;
				GCC_WARN_64_TO_32_BIT_CONVERSION = YES;
				GCC_WARN_ABOUT_RETURN_TYPE = YES_ERROR;
				GCC_WARN_UNDECLARED_SELECTOR = YES;
				GCC_WARN_UNINITIALIZED_AUTOS = YES_AGGRESSIVE;
				GCC_WARN_UNUSED_FUNCTION = YES;
				GCC_WARN_UNUSED_VARIABLE = YES;
				IPHONEOS_DEPLOYMENT_TARGET = 14.5;
				MTL_ENABLE_DEBUG_INFO = NO;
				MTL_FAST_MATH = YES;
				SDKROOT = iphoneos;
				SWIFT_COMPILATION_MODE = wholemodule;
				SWIFT_OPTIMIZATION_LEVEL = "-O";
				VALIDATE_PRODUCT = YES;
			};
			name = Release;
		};
		6E27ED5126EE813700CB89E3 /* Debug */ = {
			isa = XCBuildConfiguration;
			buildSettings = {
				ASSETCATALOG_COMPILER_APPICON_NAME = AppIcon;
				ASSETCATALOG_COMPILER_GLOBAL_ACCENT_COLOR_NAME = AccentColor;
				CODE_SIGN_STYLE = Automatic;
				INFOPLIST_FILE = "Nimble Inventory/Info.plist";
				LD_RUNPATH_SEARCH_PATHS = (
					"$(inherited)",
					"@executable_path/Frameworks",
				);
				PRODUCT_BUNDLE_IDENTIFIER = "Purple-Turtle-Tech.Nimble-Inventory";
				PRODUCT_NAME = "$(TARGET_NAME)";
				SWIFT_VERSION = 5.0;
				TARGETED_DEVICE_FAMILY = "1,2";
			};
			name = Debug;
		};
		6E27ED5226EE813700CB89E3 /* Release */ = {
			isa = XCBuildConfiguration;
			buildSettings = {
				ASSETCATALOG_COMPILER_APPICON_NAME = AppIcon;
				ASSETCATALOG_COMPILER_GLOBAL_ACCENT_COLOR_NAME = AccentColor;
				CODE_SIGN_STYLE = Automatic;
				INFOPLIST_FILE = "Nimble Inventory/Info.plist";
				LD_RUNPATH_SEARCH_PATHS = (
					"$(inherited)",
					"@executable_path/Frameworks",
				);
				PRODUCT_BUNDLE_IDENTIFIER = "Purple-Turtle-Tech.Nimble-Inventory";
				PRODUCT_NAME = "$(TARGET_NAME)";
				SWIFT_VERSION = 5.0;
				TARGETED_DEVICE_FAMILY = "1,2";
			};
			name = Release;
		};
		6E27ED5426EE813700CB89E3 /* Debug */ = {
			isa = XCBuildConfiguration;
			buildSettings = {
				ALWAYS_EMBED_SWIFT_STANDARD_LIBRARIES = YES;
				BUNDLE_LOADER = "$(TEST_HOST)";
				CODE_SIGN_STYLE = Automatic;
				INFOPLIST_FILE = "Nimble InventoryTests/Info.plist";
				IPHONEOS_DEPLOYMENT_TARGET = 14.5;
				LD_RUNPATH_SEARCH_PATHS = (
					"$(inherited)",
					"@executable_path/Frameworks",
					"@loader_path/Frameworks",
				);
				PRODUCT_BUNDLE_IDENTIFIER = "Purple-Turtle-Tech.Nimble-InventoryTests";
				PRODUCT_NAME = "$(TARGET_NAME)";
				SWIFT_VERSION = 5.0;
				TARGETED_DEVICE_FAMILY = "1,2";
				TEST_HOST = "$(BUILT_PRODUCTS_DIR)/Nimble Inventory.app/Nimble Inventory";
			};
			name = Debug;
		};
		6E27ED5526EE813700CB89E3 /* Release */ = {
			isa = XCBuildConfiguration;
			buildSettings = {
				ALWAYS_EMBED_SWIFT_STANDARD_LIBRARIES = YES;
				BUNDLE_LOADER = "$(TEST_HOST)";
				CODE_SIGN_STYLE = Automatic;
				INFOPLIST_FILE = "Nimble InventoryTests/Info.plist";
				IPHONEOS_DEPLOYMENT_TARGET = 14.5;
				LD_RUNPATH_SEARCH_PATHS = (
					"$(inherited)",
					"@executable_path/Frameworks",
					"@loader_path/Frameworks",
				);
				PRODUCT_BUNDLE_IDENTIFIER = "Purple-Turtle-Tech.Nimble-InventoryTests";
				PRODUCT_NAME = "$(TARGET_NAME)";
				SWIFT_VERSION = 5.0;
				TARGETED_DEVICE_FAMILY = "1,2";
				TEST_HOST = "$(BUILT_PRODUCTS_DIR)/Nimble Inventory.app/Nimble Inventory";
			};
			name = Release;
		};
		6E27ED5726EE813700CB89E3 /* Debug */ = {
			isa = XCBuildConfiguration;
			buildSettings = {
				ALWAYS_EMBED_SWIFT_STANDARD_LIBRARIES = YES;
				CODE_SIGN_STYLE = Automatic;
				INFOPLIST_FILE = "Nimble InventoryUITests/Info.plist";
				LD_RUNPATH_SEARCH_PATHS = (
					"$(inherited)",
					"@executable_path/Frameworks",
					"@loader_path/Frameworks",
				);
				PRODUCT_BUNDLE_IDENTIFIER = "Purple-Turtle-Tech.Nimble-InventoryUITests";
				PRODUCT_NAME = "$(TARGET_NAME)";
				SWIFT_VERSION = 5.0;
				TARGETED_DEVICE_FAMILY = "1,2";
				TEST_TARGET_NAME = "Nimble Inventory";
			};
			name = Debug;
		};
		6E27ED5826EE813700CB89E3 /* Release */ = {
			isa = XCBuildConfiguration;
			buildSettings = {
				ALWAYS_EMBED_SWIFT_STANDARD_LIBRARIES = YES;
				CODE_SIGN_STYLE = Automatic;
				INFOPLIST_FILE = "Nimble InventoryUITests/Info.plist";
				LD_RUNPATH_SEARCH_PATHS = (
					"$(inherited)",
					"@executable_path/Frameworks",
					"@loader_path/Frameworks",
				);
				PRODUCT_BUNDLE_IDENTIFIER = "Purple-Turtle-Tech.Nimble-InventoryUITests";
				PRODUCT_NAME = "$(TARGET_NAME)";
				SWIFT_VERSION = 5.0;
				TARGETED_DEVICE_FAMILY = "1,2";
				TEST_TARGET_NAME = "Nimble Inventory";
			};
			name = Release;
		};
/* End XCBuildConfiguration section */

/* Begin XCConfigurationList section */
		6E27ED1E26EE813500CB89E3 /* Build configuration list for PBXProject "Nimble Inventory" */ = {
			isa = XCConfigurationList;
			buildConfigurations = (
				6E27ED4E26EE813700CB89E3 /* Debug */,
				6E27ED4F26EE813700CB89E3 /* Release */,
			);
			defaultConfigurationIsVisible = 0;
			defaultConfigurationName = Release;
		};
		6E27ED5026EE813700CB89E3 /* Build configuration list for PBXNativeTarget "Nimble Inventory" */ = {
			isa = XCConfigurationList;
			buildConfigurations = (
				6E27ED5126EE813700CB89E3 /* Debug */,
				6E27ED5226EE813700CB89E3 /* Release */,
			);
			defaultConfigurationIsVisible = 0;
			defaultConfigurationName = Release;
		};
		6E27ED5326EE813700CB89E3 /* Build configuration list for PBXNativeTarget "Nimble InventoryTests" */ = {
			isa = XCConfigurationList;
			buildConfigurations = (
				6E27ED5426EE813700CB89E3 /* Debug */,
				6E27ED5526EE813700CB89E3 /* Release */,
			);
			defaultConfigurationIsVisible = 0;
			defaultConfigurationName = Release;
		};
		6E27ED5626EE813700CB89E3 /* Build configuration list for PBXNativeTarget "Nimble InventoryUITests" */ = {
			isa = XCConfigurationList;
			buildConfigurations = (
				6E27ED5726EE813700CB89E3 /* Debug */,
				6E27ED5826EE813700CB89E3 /* Release */,
			);
			defaultConfigurationIsVisible = 0;
			defaultConfigurationName = Release;
		};
/* End XCConfigurationList section */

/* Begin XCVersionGroup section */
		6E27ED2F26EE813500CB89E3 /* Nimble_Inventory.xcdatamodeld */ = {
			isa = XCVersionGroup;
			children = (
				6E27ED3026EE813500CB89E3 /* Nimble_Inventory.xcdatamodel */,
			);
			currentVersion = 6E27ED3026EE813500CB89E3 /* Nimble_Inventory.xcdatamodel */;
			path = Nimble_Inventory.xcdatamodeld;
			sourceTree = "<group>";
			versionGroupType = wrapper.xcdatamodel;
		};
/* End XCVersionGroup section */
	};
	rootObject = 6E27ED1B26EE813500CB89E3 /* Project object */;
}
